
Microsoft Visual Studio Solution File, Format Version 12.00
# Visual Studio Version 17
VisualStudioVersion = 17.0.32014.148
MinimumVisualStudioVersion = 10.0.40219.1
Project("{9A19103F-16F7-4668-BE54-9A1E7A4F7556}") = "Infrastructure", "Infrastructure\Infrastructure.csproj", "{BBD8B7FC-5542-4022-AF94-1BFB8B311F64}"
EndProject
Project("{9A19103F-16F7-4668-BE54-9A1E7A4F7556}") = "Common", "Common\Common.csproj", "{AA88315C-A8E1-4EED-A42C-8E79CB0F40CD}"
EndProject
Project("{9A19103F-16F7-4668-BE54-9A1E7A4F7556}") = "Web", "Web\Web.csproj", "{19E32B51-6DE1-45CD-A3CB-1F17054EC731}"
EndProject
Project("{9A19103F-16F7-4668-BE54-9A1E7A4F7556}") = "Core", "Core\Core.csproj", "{291ED780-E41D-47D2-AB07-9471B6B9E16E}"
EndProject
Global
	GlobalSection(SolutionConfigurationPlatforms) = preSolution
		Debug|Any CPU = Debug|Any CPU
		Release|Any CPU = Release|Any CPU
	EndGlobalSection
	GlobalSection(ProjectConfigurationPlatforms) = postSolution
		{BBD8B7FC-5542-4022-AF94-1BFB8B311F64}.Debug|Any CPU.ActiveCfg = Debug|Any CPU
		{BBD8B7FC-5542-4022-AF94-1BFB8B311F64}.Debug|Any CPU.Build.0 = Debug|Any CPU
		{BBD8B7FC-5542-4022-AF94-1BFB8B311F64}.Release|Any CPU.ActiveCfg = Release|Any CPU
		{BBD8B7FC-5542-4022-AF94-1BFB8B311F64}.Release|Any CPU.Build.0 = Release|Any CPU
		{AA88315C-A8E1-4EED-A42C-8E79CB0F40CD}.Debug|Any CPU.ActiveCfg = Debug|Any CPU
		{AA88315C-A8E1-4EED-A42C-8E79CB0F40CD}.Debug|Any CPU.Build.0 = Debug|Any CPU
		{AA88315C-A8E1-4EED-A42C-8E79CB0F40CD}.Release|Any CPU.ActiveCfg = Release|Any CPU
		{AA88315C-A8E1-4EED-A42C-8E79CB0F40CD}.Release|Any CPU.Build.0 = Release|Any CPU
		{19E32B51-6DE1-45CD-A3CB-1F17054EC731}.Debug|Any CPU.ActiveCfg = Debug|Any CPU
		{19E32B51-6DE1-45CD-A3CB-1F17054EC731}.Debug|Any CPU.Build.0 = Debug|Any CPU
		{19E32B51-6DE1-45CD-A3CB-1F17054EC731}.Release|Any CPU.ActiveCfg = Release|Any CPU
		{19E32B51-6DE1-45CD-A3CB-1F17054EC731}.Release|Any CPU.Build.0 = Release|Any CPU
		{291ED780-E41D-47D2-AB07-9471B6B9E16E}.Debug|Any CPU.ActiveCfg = Debug|Any CPU
		{291ED780-E41D-47D2-AB07-9471B6B9E16E}.Debug|Any CPU.Build.0 = Debug|Any CPU
		{291ED780-E41D-47D2-AB07-9471B6B9E16E}.Release|Any CPU.ActiveCfg = Release|Any CPU
		{291ED780-E41D-47D2-AB07-9471B6B9E16E}.Release|Any CPU.Build.0 = Release|Any CPU
	EndGlobalSection
	GlobalSection(SolutionProperties) = preSolution
		HideSolutionNode = FALSE
	EndGlobalSection
	GlobalSection(ExtensibilityGlobals) = postSolution
		SolutionGuid = {BD97DB80-F572-4C25-8616-EADC8E4A7326}
	EndGlobalSection
EndGlobal
